
Microsoft Visual Studio Solution File, Format Version 12.00
# Visual Studio Version 17
VisualStudioVersion = 17.14.36603.0 d17.14
MinimumVisualStudioVersion = 10.0.40219.1
Project("{FAE04EC0-301F-11D3-BF4B-00C04F79EFBC}") = "SistemaCuentasCorrientes.Modelo", "SistemaCuentasCorrientes.Modelo\SistemaCuentasCorrientes.Modelo.csproj", "{2C5ABBD5-37D7-4E91-947B-0C2AF9877BEE}"
EndProject
Project("{FAE04EC0-301F-11D3-BF4B-00C04F79EFBC}") = "SistemaCuentasCorrientes.Controlador", "SistemaCuentasCorrientes.Controlador\SistemaCuentasCorrientes.Controlador.csproj", "{06EB8FF5-8280-4ED8-B49E-5EF4897AC89D}"
EndProject
Project("{FAE04EC0-301F-11D3-BF4B-00C04F79EFBC}") = "SistemaCuentasCorrientes.Vista", "SistemaCuentasCorrientes.Vista\SistemaCuentasCorrientes.Vista.csproj", "{A22D8B5B-2B1D-4894-8AAF-9869D76F67E3}"
EndProject
Global
	GlobalSection(SolutionConfigurationPlatforms) = preSolution
		Debug|Any CPU = Debug|Any CPU
		Release|Any CPU = Release|Any CPU
	EndGlobalSection
	GlobalSection(ProjectConfigurationPlatforms) = postSolution
		{2C5ABBD5-37D7-4E91-947B-0C2AF9877BEE}.Debug|Any CPU.ActiveCfg = Debug|Any CPU
		{2C5ABBD5-37D7-4E91-947B-0C2AF9877BEE}.Debug|Any CPU.Build.0 = Debug|Any CPU
		{2C5ABBD5-37D7-4E91-947B-0C2AF9877BEE}.Release|Any CPU.ActiveCfg = Release|Any CPU
		{2C5ABBD5-37D7-4E91-947B-0C2AF9877BEE}.Release|Any CPU.Build.0 = Release|Any CPU
		{06EB8FF5-8280-4ED8-B49E-5EF4897AC89D}.Debug|Any CPU.ActiveCfg = Debug|Any CPU
		{06EB8FF5-8280-4ED8-B49E-5EF4897AC89D}.Debug|Any CPU.Build.0 = Debug|Any CPU
		{06EB8FF5-8280-4ED8-B49E-5EF4897AC89D}.Release|Any CPU.ActiveCfg = Release|Any CPU
		{06EB8FF5-8280-4ED8-B49E-5EF4897AC89D}.Release|Any CPU.Build.0 = Release|Any CPU
		{A22D8B5B-2B1D-4894-8AAF-9869D76F67E3}.Debug|Any CPU.ActiveCfg = Debug|Any CPU
		{A22D8B5B-2B1D-4894-8AAF-9869D76F67E3}.Debug|Any CPU.Build.0 = Debug|Any CPU
		{A22D8B5B-2B1D-4894-8AAF-9869D76F67E3}.Release|Any CPU.ActiveCfg = Release|Any CPU
		{A22D8B5B-2B1D-4894-8AAF-9869D76F67E3}.Release|Any CPU.Build.0 = Release|Any CPU
	EndGlobalSection
	GlobalSection(SolutionProperties) = preSolution
		HideSolutionNode = FALSE
	EndGlobalSection
	GlobalSection(ExtensibilityGlobals) = postSolution
		SolutionGuid = {55BB75CD-E788-4552-A1D3-1E890A83DBC1}
	EndGlobalSection
EndGlobal
